# This file is automatically @generated by Cargo.
# It is not intended for manual editing.
[[package]]
name = "libc"
version = "0.2.65"
source = "registry+https://github.com/rust-lang/crates.io-index"

[[package]]
name = "lodepng"
version = "2.5.0"
source = "registry+https://github.com/rust-lang/crates.io-index"
dependencies = [
 "libc 0.2.65 (registry+https://github.com/rust-lang/crates.io-index)",
 "rgb 0.8.14 (registry+https://github.com/rust-lang/crates.io-index)",
]

[[package]]
name = "raytracer"
version = "0.1.0"
dependencies = [
 "lodepng 2.5.0 (registry+https://github.com/rust-lang/crates.io-index)",
]

[[package]]
name = "rgb"
version = "0.8.14"
source = "registry+https://github.com/rust-lang/crates.io-index"

[metadata]
"checksum libc 0.2.65 (registry+https://github.com/rust-lang/crates.io-index)" = "1a31a0627fdf1f6a39ec0dd577e101440b7db22672c0901fe00a9a6fbb5c24e8"
"checksum lodepng 2.5.0 (registry+https://github.com/rust-lang/crates.io-index)" = "40ed9859b15e009b494528f32ad054c5baf67afabf3c05d27973ea151563d430"
"checksum rgb 0.8.14 (registry+https://github.com/rust-lang/crates.io-index)" = "2089e4031214d129e201f8c3c8c2fe97cd7322478a0d1cdf78e7029b0042efdb"
